// !$*UTF8*$!
{
	archiveVersion = 1;
	classes = {
	};
	objectVersion = 77;
	objects = {

/* Begin PBXContainerItemProxy section */
		AF70DDEB2E1CFE24001406C7 /* PBXContainerItemProxy */ = {
			isa = PBXContainerItemProxy;
			containerPortal = AF70DDD42E1CFE23001406C7 /* Project object */;
			proxyType = 1;
			remoteGlobalIDString = AF70DDDB2E1CFE23001406C7;
			remoteInfo = "Work Mate";
		};
		AF70DDF52E1CFE24001406C7 /* PBXContainerItemProxy */ = {
			isa = PBXContainerItemProxy;
			containerPortal = AF70DDD42E1CFE23001406C7 /* Project object */;
			proxyType = 1;
			remoteGlobalIDString = AF70DDDB2E1CFE23001406C7;
			remoteInfo = "Work Mate";
		};
/* End PBXContainerItemProxy section */

/* Begin PBXFileReference section */
		AF70DDDC2E1CFE23001406C7 /* Work Mate.app */ = {isa = PBXFileReference; explicitFileType = wrapper.application; includeInIndex = 0; path = "Work Mate.app"; sourceTree = BUILT_PRODUCTS_DIR; };
		AF70DDEA2E1CFE24001406C7 /* Work MateTests.xctest */ = {isa = PBXFileReference; explicitFileType = wrapper.cfbundle; includeInIndex = 0; path = "Work MateTests.xctest"; sourceTree = BUILT_PRODUCTS_DIR; };
		AF70DDF42E1CFE24001406C7 /* Work MateUITests.xctest */ = {isa = PBXFileReference; explicitFileType = wrapper.cfbundle; includeInIndex = 0; path = "Work MateUITests.xctest"; sourceTree = BUILT_PRODUCTS_DIR; };
/* End PBXFileReference section */

/* Begin PBXFileSystemSynchronizedRootGroup section */
		AF70DDDE2E1CFE23001406C7 /* Work Mate */ = {
			isa = PBXFileSystemSynchronizedRootGroup;
			path = "Work Mate";
			sourceTree = "<group>";
		};
		AF70DDED2E1CFE24001406C7 /* Work MateTests */ = {
			isa = PBXFileSystemSynchronizedRootGroup;
			path = "Work MateTests";
			sourceTree = "<group>";
		};
		AF70DDF72E1CFE24001406C7 /* Work MateUITests */ = {
			isa = PBXFileSystemSynchronizedRootGroup;
			path = "Work MateUITests";
			sourceTree = "<group>";
		};
/* End PBXFileSystemSynchronizedRootGroup section */

/* Begin PBXFrameworksBuildPhase section */
		AF70DDD92E1CFE23001406C7 /* Frameworks */ = {
			isa = PBXFrameworksBuildPhase;
			buildActionMask = 2147483647;
			files = (
			);
			runOnlyForDeploymentPostprocessing = 0;
		};
		AF70DDE72E1CFE24001406C7 /* Frameworks */ = {
			isa = PBXFrameworksBuildPhase;
			buildActionMask = 2147483647;
			files = (
			);
			runOnlyForDeploymentPostprocessing = 0;
		};
		AF70DDF12E1CFE24001406C7 /* Frameworks */ = {
			isa = PBXFrameworksBuildPhase;
			buildActionMask = 2147483647;
			files = (
			);
			runOnlyForDeploymentPostprocessing = 0;
		};
/* End PBXFrameworksBuildPhase section */

/* Begin PBXGroup section */
		AF70DDD32E1CFE23001406C7 = {
			isa = PBXGroup;
			children = (
				AF70DDDE2E1CFE23001406C7 /* Work Mate */,
				AF70DDED2E1CFE24001406C7 /* Work MateTests */,
				AF70DDF72E1CFE24001406C7 /* Work MateUITests */,
				AF70DDDD2E1CFE23001406C7 /* Products */,
			);
			sourceTree = "<group>";
		};
		AF70DDDD2E1CFE23001406C7 /* Products */ = {
			isa = PBXGroup;
			children = (
				AF70DDDC2E1CFE23001406C7 /* Work Mate.app */,
				AF70DDEA2E1CFE24001406C7 /* Work MateTests.xctest */,
				AF70DDF42E1CFE24001406C7 /* Work MateUITests.xctest */,
			);
			name = Products;
			sourceTree = "<group>";
		};
/* End PBXGroup section */

/* Begin PBXNativeTarget section */
		AF70DDDB2E1CFE23001406C7 /* Work Mate */ = {
			isa = PBXNativeTarget;
			buildConfigurationList = AF70DDFE2E1CFE24001406C7 /* Build configuration list for PBXNativeTarget "Work Mate" */;
			buildPhases = (
				AF70DDD82E1CFE23001406C7 /* Sources */,
				AF70DDD92E1CFE23001406C7 /* Frameworks */,
				AF70DDDA2E1CFE23001406C7 /* Resources */,
			);
			buildRules = (
			);
			dependencies = (
			);
			fileSystemSynchronizedGroups = (
				AF70DDDE2E1CFE23001406C7 /* Work Mate */,
			);
			name = "Work Mate";
			packageProductDependencies = (
			);
			productName = "Work Mate";
			productReference = AF70DDDC2E1CFE23001406C7 /* Work Mate.app */;
			productType = "com.apple.product-type.application";
		};
		AF70DDE92E1CFE24001406C7 /* Work MateTests */ = {
			isa = PBXNativeTarget;
			buildConfigurationList = AF70DE012E1CFE24001406C7 /* Build configuration list for PBXNativeTarget "Work MateTests" */;
			buildPhases = (
				AF70DDE62E1CFE24001406C7 /* Sources */,
				AF70DDE72E1CFE24001406C7 /* Frameworks */,
				AF70DDE82E1CFE24001406C7 /* Resources */,
			);
			buildRules = (
			);
			dependencies = (
				AF70DDEC2E1CFE24001406C7 /* PBXTargetDependency */,
			);
			fileSystemSynchronizedGroups = (
				AF70DDED2E1CFE24001406C7 /* Work MateTests */,
			);
			name = "Work MateTests";
			packageProductDependencies = (
			);
			productName = "Work MateTests";
			productReference = AF70DDEA2E1CFE24001406C7 /* Work MateTests.xctest */;
			productType = "com.apple.product-type.bundle.unit-test";
		};
		AF70DDF32E1CFE24001406C7 /* Work MateUITests */ = {
			isa = PBXNativeTarget;
			buildConfigurationList = AF70DE042E1CFE24001406C7 /* Build configuration list for PBXNativeTarget "Work MateUITests" */;
			buildPhases = (
				AF70DDF02E1CFE24001406C7 /* Sources */,
				AF70DDF12E1CFE24001406C7 /* Frameworks */,
				AF70DDF22E1CFE24001406C7 /* Resources */,
			);
			buildRules = (
			);
			dependencies = (
				AF70DDF62E1CFE24001406C7 /* PBXTargetDependency */,
			);
			fileSystemSynchronizedGroups = (
				AF70DDF72E1CFE24001406C7 /* Work MateUITests */,
			);
			name = "Work MateUITests";
			packageProductDependencies = (
			);
			productName = "Work MateUITests";
			productReference = AF70DDF42E1CFE24001406C7 /* Work MateUITests.xctest */;
			productType = "com.apple.product-type.bundle.ui-testing";
		};
/* End PBXNativeTarget section */

/* Begin PBXProject section */
		AF70DDD42E1CFE23001406C7 /* Project object */ = {
			isa = PBXProject;
			attributes = {
				BuildIndependentTargetsInParallel = 1;
				LastSwiftUpdateCheck = 1640;
				LastUpgradeCheck = 1640;
				TargetAttributes = {
					AF70DDDB2E1CFE23001406C7 = {
						CreatedOnToolsVersion = 16.4;
					};
					AF70DDE92E1CFE24001406C7 = {
						CreatedOnToolsVersion = 16.4;
						TestTargetID = AF70DDDB2E1CFE23001406C7;
					};
					AF70DDF32E1CFE24001406C7 = {
						CreatedOnToolsVersion = 16.4;
						TestTargetID = AF70DDDB2E1CFE23001406C7;
					};
				};
			};
			buildConfigurationList = AF70DDD72E1CFE23001406C7 /* Build configuration list for PBXProject "Work Mate" */;
			developmentRegion = en;
			hasScannedForEncodings = 0;
			knownRegions = (
				en,
				Base,
			);
			mainGroup = AF70DDD32E1CFE23001406C7;
			minimizedProjectReferenceProxies = 1;
			preferredProjectObjectVersion = 77;
			productRefGroup = AF70DDDD2E1CFE23001406C7 /* Products */;
			projectDirPath = "";
			projectRoot = "";
			targets = (
				AF70DDDB2E1CFE23001406C7 /* Work Mate */,
				AF70DDE92E1CFE24001406C7 /* Work MateTests */,
				AF70DDF32E1CFE24001406C7 /* Work MateUITests */,
			);
		};
/* End PBXProject section */

/* Begin PBXResourcesBuildPhase section */
		AF70DDDA2E1CFE23001406C7 /* Resources */ = {
			isa = PBXResourcesBuildPhase;
			buildActionMask = 2147483647;
			files = (
			);
			runOnlyForDeploymentPostprocessing = 0;
		};
		AF70DDE82E1CFE24001406C7 /* Resources */ = {
			isa = PBXResourcesBuildPhase;
			buildActionMask = 2147483647;
			files = (
			);
			runOnlyForDeploymentPostprocessing = 0;
		};
		AF70DDF22E1CFE24001406C7 /* Resources */ = {
			isa = PBXResourcesBuildPhase;
			buildActionMask = 2147483647;
			files = (
			);
			runOnlyForDeploymentPostprocessing = 0;
		};
/* End PBXResourcesBuildPhase section */

/* Begin PBXSourcesBuildPhase section */
		AF70DDD82E1CFE23001406C7 /* Sources */ = {
			isa = PBXSourcesBuildPhase;
			buildActionMask = 2147483647;
			files = (
			);
			runOnlyForDeploymentPostprocessing = 0;
		};
		AF70DDE62E1CFE24001406C7 /* Sources */ = {
			isa = PBXSourcesBuildPhase;
			buildActionMask = 2147483647;
			files = (
			);
			runOnlyForDeploymentPostprocessing = 0;
		};
		AF70DDF02E1CFE24001406C7 /* Sources */ = {
			isa = PBXSourcesBuildPhase;
			buildActionMask = 2147483647;
			files = (
			);
			runOnlyForDeploymentPostprocessing = 0;
		};
/* End PBXSourcesBuildPhase section */

/* Begin PBXTargetDependency section */
		AF70DDEC2E1CFE24001406C7 /* PBXTargetDependency */ = {
			isa = PBXTargetDependency;
			target = AF70DDDB2E1CFE23001406C7 /* Work Mate */;
			targetProxy = AF70DDEB2E1CFE24001406C7 /* PBXContainerItemProxy */;
		};
		AF70DDF62E1CFE24001406C7 /* PBXTargetDependency */ = {
			isa = PBXTargetDependency;
			target = AF70DDDB2E1CFE23001406C7 /* Work Mate */;
			targetProxy = AF70DDF52E1CFE24001406C7 /* PBXContainerItemProxy */;
		};
/* End PBXTargetDependency section */

/* Begin XCBuildConfiguration section */
		AF70DDFC2E1CFE24001406C7 /* Debug */ = {
			isa = XCBuildConfiguration;
			buildSettings = {
				ALWAYS_SEARCH_USER_PATHS = NO;
				ASSETCATALOG_COMPILER_GENERATE_SWIFT_ASSET_SYMBOL_EXTENSIONS = YES;
				CLANG_ANALYZER_NONNULL = YES;
				CLANG_ANALYZER_NUMBER_OBJECT_CONVERSION = YES_AGGRESSIVE;
				CLANG_CXX_LANGUAGE_STANDARD = "gnu++20";
				CLANG_ENABLE_MODULES = YES;
				CLANG_ENABLE_OBJC_ARC = YES;
				CLANG_ENABLE_OBJC_WEAK = YES;
				CLANG_WARN_BLOCK_CAPTURE_AUTORELEASING = YES;
				CLANG_WARN_BOOL_CONVERSION = YES;
				CLANG_WARN_COMMA = YES;
				CLANG_WARN_CONSTANT_CONVERSION = YES;
				CLANG_WARN_DEPRECATED_OBJC_IMPLEMENTATIONS = YES;
				CLANG_WARN_DIRECT_OBJC_ISA_USAGE = YES_ERROR;
				CLANG_WARN_DOCUMENTATION_COMMENTS = YES;
				CLANG_WARN_EMPTY_BODY = YES;
				CLANG_WARN_ENUM_CONVERSION = YES;
				CLANG_WARN_INFINITE_RECURSION = YES;
				CLANG_WARN_INT_CONVERSION = YES;
				CLANG_WARN_NON_LITERAL_NULL_CONVERSION = YES;
				CLANG_WARN_OBJC_IMPLICIT_RETAIN_SELF = YES;
				CLANG_WARN_OBJC_LITERAL_CONVERSION = YES;
				CLANG_WARN_OBJC_ROOT_CLASS = YES_ERROR;
				CLANG_WARN_QUOTED_INCLUDE_IN_FRAMEWORK_HEADER = YES;
				CLANG_WARN_RANGE_LOOP_ANALYSIS = YES;
				CLANG_WARN_STRICT_PROTOTYPES = YES;
				CLANG_WARN_SUSPICIOUS_MOVE = YES;
				CLANG_WARN_UNGUARDED_AVAILABILITY = YES_AGGRESSIVE;
				CLANG_WARN_UNREACHABLE_CODE = YES;
				CLANG_WARN__DUPLICATE_METHOD_MATCH = YES;
				COPY_PHASE_STRIP = NO;
				DEBUG_INFORMATION_FORMAT = dwarf;
				DEVELOPMENT_TEAM = 867A64VG89;
				ENABLE_STRICT_OBJC_MSGSEND = YES;
				ENABLE_TESTABILITY = YES;
				ENABLE_USER_SCRIPT_SANDBOXING = YES;
				GCC_C_LANGUAGE_STANDARD = gnu17;
				GCC_DYNAMIC_NO_PIC = NO;
				GCC_NO_COMMON_BLOCKS = YES;
				GCC_OPTIMIZATION_LEVEL = 0;
				GCC_PREPROCESSOR_DEFINITIONS = (
					"DEBUG=1",
					"$(inherited)",
				);
				GCC_WARN_64_TO_32_BIT_CONVERSION = YES;
				GCC_WARN_ABOUT_RETURN_TYPE = YES_ERROR;
				GCC_WARN_UNDECLARED_SELECTOR = YES;
				GCC_WARN_UNINITIALIZED_AUTOS = YES_AGGRESSIVE;
				GCC_WARN_UNUSED_FUNCTION = YES;
				GCC_WARN_UNUSED_VARIABLE = YES;
				LOCALIZATION_PREFERS_STRING_CATALOGS = YES;
				MACOSX_DEPLOYMENT_TARGET = 15.4;
				MTL_ENABLE_DEBUG_INFO = INCLUDE_SOURCE;
				MTL_FAST_MATH = YES;
				ONLY_ACTIVE_ARCH = YES;
				SDKROOT = macosx;
				SWIFT_ACTIVE_COMPILATION_CONDITIONS = "DEBUG $(inherited)";
				SWIFT_OPTIMIZATION_LEVEL = "-Onone";
			};
			name = Debug;
		};
		AF70DDFD2E1CFE24001406C7 /* Release */ = {
			isa = XCBuildConfiguration;
			buildSettings = {
				ALWAYS_SEARCH_USER_PATHS = NO;
				ASSETCATALOG_COMPILER_GENERATE_SWIFT_ASSET_SYMBOL_EXTENSIONS = YES;
				CLANG_ANALYZER_NONNULL = YES;
				CLANG_ANALYZER_NUMBER_OBJECT_CONVERSION = YES_AGGRESSIVE;
				CLANG_CXX_LANGUAGE_STANDARD = "gnu++20";
				CLANG_ENABLE_MODULES = YES;
				CLANG_ENABLE_OBJC_ARC = YES;
				CLANG_ENABLE_OBJC_WEAK = YES;
				CLANG_WARN_BLOCK_CAPTURE_AUTORELEASING = YES;
				CLANG_WARN_BOOL_CONVERSION = YES;
				CLANG_WARN_COMMA = YES;
				CLANG_WARN_CONSTANT_CONVERSION = YES;
				CLANG_WARN_DEPRECATED_OBJC_IMPLEMENTATIONS = YES;
				CLANG_WARN_DIRECT_OBJC_ISA_USAGE = YES_ERROR;
				CLANG_WARN_DOCUMENTATION_COMMENTS = YES;
				CLANG_WARN_EMPTY_BODY = YES;
				CLANG_WARN_ENUM_CONVERSION = YES;
				CLANG_WARN_INFINITE_RECURSION = YES;
				CLANG_WARN_INT_CONVERSION = YES;
				CLANG_WARN_NON_LITERAL_NULL_CONVERSION = YES;
				CLANG_WARN_OBJC_IMPLICIT_RETAIN_SELF = YES;
				CLANG_WARN_OBJC_LITERAL_CONVERSION = YES;
				CLANG_WARN_OBJC_ROOT_CLASS = YES_ERROR;
				CLANG_WARN_QUOTED_INCLUDE_IN_FRAMEWORK_HEADER = YES;
				CLANG_WARN_RANGE_LOOP_ANALYSIS = YES;
				CLANG_WARN_STRICT_PROTOTYPES = YES;
				CLANG_WARN_SUSPICIOUS_MOVE = YES;
				CLANG_WARN_UNGUARDED_AVAILABILITY = YES_AGGRESSIVE;
				CLANG_WARN_UNREACHABLE_CODE = YES;
				CLANG_WARN__DUPLICATE_METHOD_MATCH = YES;
				COPY_PHASE_STRIP = NO;
				DEBUG_INFORMATION_FORMAT = "dwarf-with-dsym";
				DEVELOPMENT_TEAM = 867A64VG89;
				ENABLE_NS_ASSERTIONS = NO;
				ENABLE_STRICT_OBJC_MSGSEND = YES;
				ENABLE_USER_SCRIPT_SANDBOXING = YES;
				GCC_C_LANGUAGE_STANDARD = gnu17;
				GCC_NO_COMMON_BLOCKS = YES;
				GCC_WARN_64_TO_32_BIT_CONVERSION = YES;
				GCC_WARN_ABOUT_RETURN_TYPE = YES_ERROR;
				GCC_WARN_UNDECLARED_SELECTOR = YES;
				GCC_WARN_UNINITIALIZED_AUTOS = YES_AGGRESSIVE;
				GCC_WARN_UNUSED_FUNCTION = YES;
				GCC_WARN_UNUSED_VARIABLE = YES;
				LOCALIZATION_PREFERS_STRING_CATALOGS = YES;
				MACOSX_DEPLOYMENT_TARGET = 15.4;
				MTL_ENABLE_DEBUG_INFO = NO;
				MTL_FAST_MATH = YES;
				SDKROOT = macosx;
				SWIFT_COMPILATION_MODE = wholemodule;
			};
			name = Release;
		};
		AF70DDFF2E1CFE24001406C7 /* Debug */ = {
			isa = XCBuildConfiguration;
			buildSettings = {
				ASSETCATALOG_COMPILER_APPICON_NAME = AppIcon;
				ASSETCATALOG_COMPILER_GLOBAL_ACCENT_COLOR_NAME = AccentColor;
				CODE_SIGN_ENTITLEMENTS = "Work Mate/Supporting Files/Work_Mate.entitlements";
				"CODE_SIGN_IDENTITY[sdk=macosx*]" = "-";
				CODE_SIGN_STYLE = Automatic;
				COMBINE_HIDPI_IMAGES = YES;
				CURRENT_PROJECT_VERSION = 1;
				DEVELOPMENT_TEAM = 867A64VG89;
				ENABLE_HARDENED_RUNTIME = YES;
				ENABLE_PREVIEWS = YES;
				GENERATE_INFOPLIST_FILE = YES;
				INFOPLIST_KEY_NSHumanReadableCopyright = "";
				LD_RUNPATH_SEARCH_PATHS = (
					"$(inherited)",
					"@executable_path/../Frameworks",
				);
				MARKETING_VERSION = 1.0;
				PRODUCT_BUNDLE_IDENTIFIER = "com.--DEVELOPMENT-TEAM-.workmate";
				PRODUCT_NAME = "$(TARGET_NAME)";
				REGISTER_APP_GROUPS = YES;
				SWIFT_EMIT_LOC_STRINGS = YES;
				SWIFT_VERSION = 5.0;
			};
			name = Debug;
		};
		AF70DE002E1CFE24001406C7 /* Release */ = {
			isa = XCBuildConfiguration;
			buildSettings = {
				ASSETCATALOG_COMPILER_APPICON_NAME = AppIcon;
				ASSETCATALOG_COMPILER_GLOBAL_ACCENT_COLOR_NAME = AccentColor;
				CODE_SIGN_ENTITLEMENTS = "Work Mate/Supporting Files/Work_Mate.entitlements";
				"CODE_SIGN_IDENTITY[sdk=macosx*]" = "-";
				CODE_SIGN_STYLE = Automatic;
				COMBINE_HIDPI_IMAGES = YES;
				CURRENT_PROJECT_VERSION = 1;
				DEVELOPMENT_TEAM = 867A64VG89;
				ENABLE_HARDENED_RUNTIME = YES;
				ENABLE_PREVIEWS = YES;
				GENERATE_INFOPLIST_FILE = YES;
				INFOPLIST_KEY_NSHumanReadableCopyright = "";
				LD_RUNPATH_SEARCH_PATHS = (
					"$(inherited)",
					"@executable_path/../Frameworks",
				);
				MARKETING_VERSION = 1.0;
				PRODUCT_BUNDLE_IDENTIFIER = "com.--DEVELOPMENT-TEAM-.workmate";
				PRODUCT_NAME = "$(TARGET_NAME)";
				REGISTER_APP_GROUPS = YES;
				SWIFT_EMIT_LOC_STRINGS = YES;
				SWIFT_VERSION = 5.0;
			};
			name = Release;
		};
		AF70DE022E1CFE24001406C7 /* Debug */ = {
			isa = XCBuildConfiguration;
			buildSettings = {
				BUNDLE_LOADER = "$(TEST_HOST)";
				CODE_SIGN_STYLE = Automatic;
				CURRENT_PROJECT_VERSION = 1;
				DEVELOPMENT_TEAM = 867A64VG89;
				GENERATE_INFOPLIST_FILE = YES;
				MACOSX_DEPLOYMENT_TARGET = 15.4;
				MARKETING_VERSION = 1.0;
				PRODUCT_BUNDLE_IDENTIFIER = "com.Work-MateTests";
				PRODUCT_NAME = "$(TARGET_NAME)";
				SWIFT_EMIT_LOC_STRINGS = NO;
				SWIFT_VERSION = 5.0;
				TEST_HOST = "$(BUILT_PRODUCTS_DIR)/Work Mate.app/$(BUNDLE_EXECUTABLE_FOLDER_PATH)/Work Mate";
			};
			name = Debug;
		};
		AF70DE032E1CFE24001406C7 /* Release */ = {
			isa = XCBuildConfiguration;
			buildSettings = {
				BUNDLE_LOADER = "$(TEST_HOST)";
				CODE_SIGN_STYLE = Automatic;
				CURRENT_PROJECT_VERSION = 1;
				DEVELOPMENT_TEAM = 867A64VG89;
				GENERATE_INFOPLIST_FILE = YES;
				MACOSX_DEPLOYMENT_TARGET = 15.4;
				MARKETING_VERSION = 1.0;
				PRODUCT_BUNDLE_IDENTIFIER = "com.Work-MateTests";
				PRODUCT_NAME = "$(TARGET_NAME)";
				SWIFT_EMIT_LOC_STRINGS = NO;
				SWIFT_VERSION = 5.0;
				TEST_HOST = "$(BUILT_PRODUCTS_DIR)/Work Mate.app/$(BUNDLE_EXECUTABLE_FOLDER_PATH)/Work Mate";
			};
			name = Release;
		};
		AF70DE052E1CFE24001406C7 /* Debug */ = {
			isa = XCBuildConfiguration;
			buildSettings = {
				CODE_SIGN_STYLE = Automatic;
				CURRENT_PROJECT_VERSION = 1;
				DEVELOPMENT_TEAM = 867A64VG89;
				GENERATE_INFOPLIST_FILE = YES;
				MARKETING_VERSION = 1.0;
				PRODUCT_BUNDLE_IDENTIFIER = "com.Work-MateUITests";
				PRODUCT_NAME = "$(TARGET_NAME)";
				SWIFT_EMIT_LOC_STRINGS = NO;
				SWIFT_VERSION = 5.0;
				TEST_TARGET_NAME = "Work Mate";
			};
			name = Debug;
		};
		AF70DE062E1CFE24001406C7 /* Release */ = {
			isa = XCBuildConfiguration;
			buildSettings = {
				CODE_SIGN_STYLE = Automatic;
				CURRENT_PROJECT_VERSION = 1;
				DEVELOPMENT_TEAM = 867A64VG89;
				GENERATE_INFOPLIST_FILE = YES;
				MARKETING_VERSION = 1.0;
				PRODUCT_BUNDLE_IDENTIFIER = "com.Work-MateUITests";
				PRODUCT_NAME = "$(TARGET_NAME)";
				SWIFT_EMIT_LOC_STRINGS = NO;
				SWIFT_VERSION = 5.0;
				TEST_TARGET_NAME = "Work Mate";
			};
			name = Release;
		};
/* End XCBuildConfiguration section */

/* Begin XCConfigurationList section */
		AF70DDD72E1CFE23001406C7 /* Build configuration list for PBXProject "Work Mate" */ = {
			isa = XCConfigurationList;
			buildConfigurations = (
				AF70DDFC2E1CFE24001406C7 /* Debug */,
				AF70DDFD2E1CFE24001406C7 /* Release */,
			);
			defaultConfigurationIsVisible = 0;
			defaultConfigurationName = Release;
		};
		AF70DDFE2E1CFE24001406C7 /* Build configuration list for PBXNativeTarget "Work Mate" */ = {
			isa = XCConfigurationList;
			buildConfigurations = (
				AF70DDFF2E1CFE24001406C7 /* Debug */,
				AF70DE002E1CFE24001406C7 /* Release */,
			);
			defaultConfigurationIsVisible = 0;
			defaultConfigurationName = Release;
		};
		AF70DE012E1CFE24001406C7 /* Build configuration list for PBXNativeTarget "Work MateTests" */ = {
			isa = XCConfigurationList;
			buildConfigurations = (
				AF70DE022E1CFE24001406C7 /* Debug */,
				AF70DE032E1CFE24001406C7 /* Release */,
			);
			defaultConfigurationIsVisible = 0;
			defaultConfigurationName = Release;
		};
		AF70DE042E1CFE24001406C7 /* Build configuration list for PBXNativeTarget "Work MateUITests" */ = {
			isa = XCConfigurationList;
			buildConfigurations = (
				AF70DE052E1CFE24001406C7 /* Debug */,
				AF70DE062E1CFE24001406C7 /* Release */,
			);
			defaultConfigurationIsVisible = 0;
			defaultConfigurationName = Release;
		};
/* End XCConfigurationList section */
	};
	rootObject = AF70DDD42E1CFE23001406C7 /* Project object */;
}
